github.com/boltdb/bolt v1.3.1 h1:JQmyP4ZBrce+ZQu0dY660FMfatumYDLun9hBCUVIkF4=
github.com/boltdb/bolt v1.3.1/go.mod h1:clJnj/oiGkjum5o1McbSZDSLxVThjynRyGBgiAx27Ps=
github.com/iocn-io/ripemd160 v0.0.0-20190528054632-f8b2f65028f6 h1:3/INXjdE8P5bwR2IkeqMFQi0uk6XVWvA8MkvbShdkN8=
github.com/iocn-io/ripemd160 v0.0.0-20190528054632-f8b2f65028f6/go.mod h1:5w8QG3OpC4ivZij6a4oqPYkYmHBmlmOSoOVT1FCNlRc=
golang.org/x/sys v0.0.0-20220209214540-3681064d5158 h1:rm+CHSpPEEW2IsXUib1ThaHIjuBVZjxNgSKmBLFfD4c=
golang.org/x/sys v0.0.0-20220209214540-3681064d5158/go.mod h1:oPkhp1MJrh7nUepCBck5+mAzfO9JrbApNNgaTdGDITg=
